
Microsoft Visual Studio Solution File, Format Version 12.00
# Visual Studio Version 17
VisualStudioVersion = 17.0.31903.59
MinimumVisualStudioVersion = 10.0.40219.1
Project("{2150E333-8FDC-42A3-9474-1A3956D46DE8}") = "src", "src", "{52C5DEF7-6418-43B9-84E6-5BB0F8814087}"
EndProject
Project("{FAE04EC0-301F-11D3-BF4B-00C04F79EFBC}") = "AuctionService", "src\AuctionService\AuctionService.csproj", "{3F1673DD-BBE3-4FE3-ACEF-7C6BB1856F5A}"
EndProject
Project("{FAE04EC0-301F-11D3-BF4B-00C04F79EFBC}") = "SearchService", "src\SearchService\SearchService.csproj", "{CD9F003E-15BC-4C8A-84BC-E7012DB8199F}"
EndProject
Project("{FAE04EC0-301F-11D3-BF4B-00C04F79EFBC}") = "Contracts", "src\Contracts\Contracts.csproj", "{FF00FC29-7B70-4BB6-9DAB-415D70012D2E}"
EndProject
Project("{FAE04EC0-301F-11D3-BF4B-00C04F79EFBC}") = "IdentityService", "src\IdentityService\IdentityService.csproj", "{91F49C58-80B6-4D2E-BE7D-F139EED9BAA9}"
EndProject
Global
	GlobalSection(SolutionConfigurationPlatforms) = preSolution
		Debug|Any CPU = Debug|Any CPU
		Release|Any CPU = Release|Any CPU
	EndGlobalSection
	GlobalSection(SolutionProperties) = preSolution
		HideSolutionNode = FALSE
	EndGlobalSection
	GlobalSection(ProjectConfigurationPlatforms) = postSolution
		{3F1673DD-BBE3-4FE3-ACEF-7C6BB1856F5A}.Debug|Any CPU.ActiveCfg = Debug|Any CPU
		{3F1673DD-BBE3-4FE3-ACEF-7C6BB1856F5A}.Debug|Any CPU.Build.0 = Debug|Any CPU
		{3F1673DD-BBE3-4FE3-ACEF-7C6BB1856F5A}.Release|Any CPU.ActiveCfg = Release|Any CPU
		{3F1673DD-BBE3-4FE3-ACEF-7C6BB1856F5A}.Release|Any CPU.Build.0 = Release|Any CPU
		{CD9F003E-15BC-4C8A-84BC-E7012DB8199F}.Debug|Any CPU.ActiveCfg = Debug|Any CPU
		{CD9F003E-15BC-4C8A-84BC-E7012DB8199F}.Debug|Any CPU.Build.0 = Debug|Any CPU
		{CD9F003E-15BC-4C8A-84BC-E7012DB8199F}.Release|Any CPU.ActiveCfg = Release|Any CPU
		{CD9F003E-15BC-4C8A-84BC-E7012DB8199F}.Release|Any CPU.Build.0 = Release|Any CPU
		{FF00FC29-7B70-4BB6-9DAB-415D70012D2E}.Debug|Any CPU.ActiveCfg = Debug|Any CPU
		{FF00FC29-7B70-4BB6-9DAB-415D70012D2E}.Debug|Any CPU.Build.0 = Debug|Any CPU
		{FF00FC29-7B70-4BB6-9DAB-415D70012D2E}.Release|Any CPU.ActiveCfg = Release|Any CPU
		{FF00FC29-7B70-4BB6-9DAB-415D70012D2E}.Release|Any CPU.Build.0 = Release|Any CPU
		{91F49C58-80B6-4D2E-BE7D-F139EED9BAA9}.Debug|Any CPU.ActiveCfg = Debug|Any CPU
		{91F49C58-80B6-4D2E-BE7D-F139EED9BAA9}.Debug|Any CPU.Build.0 = Debug|Any CPU
		{91F49C58-80B6-4D2E-BE7D-F139EED9BAA9}.Release|Any CPU.ActiveCfg = Release|Any CPU
		{91F49C58-80B6-4D2E-BE7D-F139EED9BAA9}.Release|Any CPU.Build.0 = Release|Any CPU
	EndGlobalSection
	GlobalSection(NestedProjects) = preSolution
		{3F1673DD-BBE3-4FE3-ACEF-7C6BB1856F5A} = {52C5DEF7-6418-43B9-84E6-5BB0F8814087}
		{CD9F003E-15BC-4C8A-84BC-E7012DB8199F} = {52C5DEF7-6418-43B9-84E6-5BB0F8814087}
		{FF00FC29-7B70-4BB6-9DAB-415D70012D2E} = {52C5DEF7-6418-43B9-84E6-5BB0F8814087}
		{91F49C58-80B6-4D2E-BE7D-F139EED9BAA9} = {52C5DEF7-6418-43B9-84E6-5BB0F8814087}
	EndGlobalSection
EndGlobal
